{
  "name": "argus",
  "lockfileVersion": 3,
  "requires": true,
  "packages": {
    "": {
      "name": "argus",
      "version": "0.0.0",
      "dependencies": {
        "@aws-sdk/client-s3": "3.933.0",
        "heap-snapshot-toolkit": "1.1.3"
      },
      "devDependencies": {
        "@actions/artifact": "5.0.1",
        "@types/mime-types": "3.0.1",
        "glob": "13.0.5",
        "husky": "9.1.7",
        "oxlint": "1.60.0",
        "oxlint-tsgolint": "0.21.0",
        "prettier": "3.6.2",
        "semver": "^7.6.0",
        "turbo": "2.8.13"
      }
    },
    "node_modules/@actions/artifact": {
      "version": "5.0.1",
      "resolved": "https://registry.npmjs.org/actions%2fartifact/-/artifact-5.0.1.tgz",
      "integrity": "sha512-idfxAtq1TgWvLm7mwAjFhgKb4OvDhioYlhztd/k8JOAY+obBeFj8GBAccPPyH5y4kV+UE9lX0wtpv1WYLmtSbQ==",
      "dependencies": {
        "@actions/core": "^2.0.0",
        "@actions/github": "^6.0.1",
        "@actions/http-client": "^3.0.0",
        "@azure/storage-blob": "^12.29.1",
        "@octokit/core": "^5.2.1",
        "@octokit/plugin-request-log": "^1.0.4",
        "@octokit/plugin-retry": "^3.0.9",
        "@octokit/request": "^8.4.1",
        "@octokit/request-error": "^5.1.1",
        "@protobuf-ts/plugin": "^2.2.3-alpha.1",
        "archiver": "^7.0.1",
        "jwt-decode": "^3.1.2",
        "unzip-stream": "^0.3.1"
      },
      "dev": true
    },
    "node_modules/@aws-sdk/client-s3": {
      "version": "3.933.0",
      "resolved": "https://registry.npmjs.org/aws-sdk%2fclient-s3/-/client-s3-3.933.0.tgz",
      "integrity": "sha512-Czg4JEiSdYWPOO0p2/IUXGpYvrcsIt4xXoRnAviWYWGOvdu7JyqThNdZHJe9CGouqyRWlPM/pfnDrXh1ADTBKg==",
      "dependencies": {
        "@aws-crypto/sha1-browser": "5.2.0",
        "@aws-crypto/sha256-browser": "5.2.0",
        "@aws-crypto/sha256-js": "5.2.0",
        "@aws-sdk/core": "3.932.0",
        "@aws-sdk/credential-provider-node": "3.933.0",
        "@aws-sdk/middleware-bucket-endpoint": "3.930.0",
        "@aws-sdk/middleware-expect-continue": "3.930.0",
        "@aws-sdk/middleware-flexible-checksums": "3.932.0",
        "@aws-sdk/middleware-host-header": "3.930.0",
        "@aws-sdk/middleware-location-constraint": "3.930.0",
        "@aws-sdk/middleware-logger": "3.930.0",
        "@aws-sdk/middleware-recursion-detection": "3.933.0",
        "@aws-sdk/middleware-sdk-s3": "3.932.0",
        "@aws-sdk/middleware-ssec": "3.930.0",
        "@aws-sdk/middleware-user-agent": "3.932.0",
        "@aws-sdk/region-config-resolver": "3.930.0",
        "@aws-sdk/signature-v4-multi-region": "3.932.0",
        "@aws-sdk/types": "3.930.0",
        "@aws-sdk/util-endpoints": "3.930.0",
        "@aws-sdk/util-user-agent-browser": "3.930.0",
        "@aws-sdk/util-user-agent-node": "3.932.0",
        "@smithy/config-resolver": "^4.4.3",
        "@smithy/core": "^3.18.2",
        "@smithy/eventstream-serde-browser": "^4.2.5",
        "@smithy/eventstream-serde-config-resolver": "^4.3.5",
        "@smithy/eventstream-serde-node": "^4.2.5",
        "@smithy/fetch-http-handler": "^5.3.6",
        "@smithy/hash-blob-browser": "^4.2.6",
        "@smithy/hash-node": "^4.2.5",
        "@smithy/hash-stream-node": "^4.2.5",
        "@smithy/invalid-dependency": "^4.2.5",
        "@smithy/md5-js": "^4.2.5",
        "@smithy/middleware-content-length": "^4.2.5",
        "@smithy/middleware-endpoint": "^4.3.9",
        "@smithy/middleware-retry": "^4.4.9",
        "@smithy/middleware-serde": "^4.2.5",
        "@smithy/middleware-stack": "^4.2.5",
        "@smithy/node-config-provider": "^4.3.5",
        "@smithy/node-http-handler": "^4.4.5",
        "@smithy/protocol-http": "^5.3.5",
        "@smithy/smithy-client": "^4.9.5",
        "@smithy/types": "^4.9.0",
        "@smithy/url-parser": "^4.2.5",
        "@smithy/util-base64": "^4.3.0",
        "@smithy/util-body-length-browser": "^4.2.0",
        "@smithy/util-body-length-node": "^4.2.1",
        "@smithy/util-defaults-mode-browser": "^4.3.8",
        "@smithy/util-defaults-mode-node": "^4.2.11",
        "@smithy/util-endpoints": "^3.2.5",
        "@smithy/util-middleware": "^4.2.5",
        "@smithy/util-retry": "^4.2.5",
        "@smithy/util-stream": "^4.5.6",
        "@smithy/util-utf8": "^4.2.0",
        "@smithy/util-waiter": "^4.2.5",
        "tslib": "^2.6.2"
      },
      "engines": {
        "node": ">=18.0.0"
      }
    },
    "node_modules/@opencode-ai/plugin": {
      "version": "1.15.13",
      "resolved": "https://registry.npmjs.org/opencode-ai%2fplugin/-/plugin-1.15.13.tgz",
      "integrity": "sha512-5gHUxOGQE7GI3QdAzbjAiSol5F3KXv+VQwVZcH8NJb73JGy7KYIKkSrUBqOpj7vDoeEWpehdRXiBrC/l1Uab5Q==",
      "peerDependencies": {
        "@opentui/core": ">=0.3.1",
        "@opentui/keymap": ">=0.3.1",
        "@opentui/solid": ">=0.3.1"
      },
      "peerDependenciesMeta": {
        "@opentui/core": {
          "optional": true
        },
        "@opentui/keymap": {
          "optional": true
        },
        "@opentui/solid": {
          "optional": true
        }
      }
    },
    "node_modules/@opencode-ai/script": {
      "version": "0.0.0",
      "resolved": "https://registry.npmjs.org/opencode-ai%2fscript/-/script-0.0.0.tgz",
      "integrity": "sha512-bZTOMhaCn5ksO0crTgf7eojqBbdQWo3jUbgaV8KFYhbUMWMlZ3XF7jRb7ay7/ylMU5WasNFAx/5BJPc8a28kZQ==",
      "dependencies": {
        "semver": "^7.6.3"
      }
    },
    "node_modules/@opencode-ai/sdk": {
      "version": "1.15.13",
      "resolved": "https://registry.npmjs.org/opencode-ai%2fsdk/-/sdk-1.15.13.tgz",
      "integrity": "sha512-KFjlJJAJtGl5qU7lZdHFAzxYtfa4pyE61SdTtyrZtaSYrknFPMm7WMMVGSNTGt0YMsU0nUrVMM6Ef/lPTDpH+w=="
    },
    "node_modules/@tsconfig/bun": {
      "version": "1.0.9",
      "resolved": "https://registry.npmjs.org/tsconfig%2fbun/-/bun-1.0.9.tgz",
      "integrity": "sha512-NfFeg+5HsBixpqwFzZ8dNsNcHMZRvRHCCd/VycJsQuvtNOjlfXqBakiy+1oiFh/FUbYme1nfXOLAXxrJPIv8vg=="
    },
    "node_modules/@types/mime-types": {
      "version": "3.0.1",
      "resolved": "https://registry.npmjs.org/types%2fmime-types/-/mime-types-3.0.1.tgz",
      "integrity": "sha512-Hs0RK1uigeJrPMicU+JhzI1XjcS6x9PtKQChFMWnCUx3pGesDXsBxgrOEO47WM2Agv5k3AYE2CX2GEcyeqqX8g==",
      "dev": true
    },
    "node_modules/@typescript/native-preview": {
      "version": "7.0.0-dev.20251207.1",
      "resolved": "https://registry.npmjs.org/typescript%2fnative-preview/-/native-preview-7.0.0-dev.20251207.1.tgz",
      "integrity": "sha512-dCFAnoQnr+26U0CM537Bq+s8z/R3KligJIlA7ICxP3NTevop9mibhejd/L8ilZgcUr94H773KZroB4oPMcV20Q==",
      "optionalDependencies": {
        "@typescript/native-preview-win32-x64": "7.0.0-dev.20251207.1",
        "@typescript/native-preview-win32-arm64": "7.0.0-dev.20251207.1",
        "@typescript/native-preview-linux-x64": "7.0.0-dev.20251207.1",
        "@typescript/native-preview-linux-arm": "7.0.0-dev.20251207.1",
        "@typescript/native-preview-linux-arm64": "7.0.0-dev.20251207.1",
        "@typescript/native-preview-darwin-x64": "7.0.0-dev.20251207.1",
        "@typescript/native-preview-darwin-arm64": "7.0.0-dev.20251207.1"
      }
    },
    "node_modules/glob": {
      "version": "13.0.5",
      "resolved": "https://registry.npmjs.org/glob/-/glob-13.0.5.tgz",
      "integrity": "sha512-n+okiGXZv9r9EBQuoDlfzKyWe0oJNjhaKwAAMhUbcTi3UkWQ1cdLiX827g7iKZDvhuPH84+q4UIJZcwburNp/A==",
      "dependencies": {
        "minimatch": "^10.2.1",
        "minipass": "^7.1.2",
        "path-scurry": "^2.0.0"
      },
      "engines": {
        "node": "20 || >=22"
      },
      "dev": true
    },
    "node_modules/heap-snapshot-toolkit": {
      "version": "1.1.3",
      "resolved": "https://registry.npmjs.org/heap-snapshot-toolkit/-/heap-snapshot-toolkit-1.1.3.tgz",
      "integrity": "sha512-jVAg/uC8lnFWLvFp8nvMEQb2BdEWJrl5uJ/kPx8bTkOSSsgfSe3c/GEU8p+2C3RjqMvsG93Qse/ejs9RQGfcrA==",
      "engines": {
        "node": ">= 18.0.0"
      }
    },
    "node_modules/husky": {
      "version": "9.1.7",
      "resolved": "https://registry.npmjs.org/husky/-/husky-9.1.7.tgz",
      "integrity": "sha512-DoK9tSZC8ijbKNaFfl1wGOzmGUASm9MBOD/OQU9I57mlZIIySPpdREGYcbJNP3E+CQg1GAQpxrGSvF0KLxPoMg==",
      "engines": {
        "node": ">=18"
      },
      "dev": true
    },
    "node_modules/oxlint": {
      "version": "1.60.0",
      "resolved": "https://registry.npmjs.org/oxlint/-/oxlint-1.60.0.tgz",
      "integrity": "sha512-ZkeW5qACvRcH7OlHBQXXh9T0XO/tKSiP8uwIXlj2ZnVfJVYuVfHLraA4MiScTosjpEds5mxb7jBPHrJRUFz+AQ==",
      "optionalDependencies": {
        "@oxlint/binding-darwin-arm64": "1.60.0",
        "@oxlint/binding-android-arm64": "1.60.0",
        "@oxlint/binding-win32-arm64-msvc": "1.60.0",
        "@oxlint/binding-linux-arm64-gnu": "1.60.0",
        "@oxlint/binding-linux-arm64-musl": "1.60.0",
        "@oxlint/binding-openharmony-arm64": "1.60.0",
        "@oxlint/binding-android-arm-eabi": "1.60.0",
        "@oxlint/binding-linux-arm-gnueabihf": "1.60.0",
        "@oxlint/binding-linux-arm-musleabihf": "1.60.0",
        "@oxlint/binding-win32-ia32-msvc": "1.60.0",
        "@oxlint/binding-linux-ppc64-gnu": "1.60.0",
        "@oxlint/binding-linux-riscv64-gnu": "1.60.0",
        "@oxlint/binding-linux-riscv64-musl": "1.60.0",
        "@oxlint/binding-linux-s390x-gnu": "1.60.0",
        "@oxlint/binding-darwin-x64": "1.60.0",
        "@oxlint/binding-win32-x64-msvc": "1.60.0",
        "@oxlint/binding-freebsd-x64": "1.60.0",
        "@oxlint/binding-linux-x64-gnu": "1.60.0",
        "@oxlint/binding-linux-x64-musl": "1.60.0"
      },
      "peerDependencies": {
        "oxlint-tsgolint": ">=0.18.0"
      },
      "peerDependenciesMeta": {
        "oxlint-tsgolint": {
          "optional": true
        }
      },
      "engines": {
        "node": "^20.19.0 || >=22.12.0"
      },
      "dev": true
    },
    "node_modules/oxlint-tsgolint": {
      "version": "0.21.0",
      "resolved": "https://registry.npmjs.org/oxlint-tsgolint/-/oxlint-tsgolint-0.21.0.tgz",
      "integrity": "sha512-r9kgO/jMT+C0crYpr5wexjG694ssRR0upTRsZhwM6zsg4eTEF5MBssqGSNe8nEDjD98116LgvB+J3NSOE9YvAQ==",
      "optionalDependencies": {
        "@oxlint-tsgolint/win32-x64": "0.21.0",
        "@oxlint-tsgolint/win32-arm64": "0.21.0",
        "@oxlint-tsgolint/linux-x64": "0.21.0",
        "@oxlint-tsgolint/linux-arm64": "0.21.0",
        "@oxlint-tsgolint/darwin-x64": "0.21.0",
        "@oxlint-tsgolint/darwin-arm64": "0.21.0"
      },
      "dev": true
    },
    "node_modules/prettier": {
      "version": "3.6.2",
      "resolved": "https://registry.npmjs.org/prettier/-/prettier-3.6.2.tgz",
      "integrity": "sha512-g+cdowrnyrLvqvUg2nDkNio3pKbUeS4RGj5y78B/r2EQU+1+JaN/0pXliCivY75//m9i4WqiO6f0lodac+BlGA==",
      "engines": {
        "node": ">=14"
      },
      "dev": true
    },
    "node_modules/semver": {
      "version": "7.8.1",
      "resolved": "https://registry.npmjs.org/semver/-/semver-7.8.1.tgz",
      "integrity": "sha512-w0zlMJu/JKQIqV+BUViugRznRUo9frLMAn074iUAIyvTeB9kFkh6/DNSVn6w05mTwHvis5wwMdxNDNRCOqTWqg==",
      "engines": {
        "node": ">=10"
      },
      "dev": true
    },
    "node_modules/sst": {
      "version": "4.13.1",
      "resolved": "https://registry.npmjs.org/sst/-/sst-4.13.1.tgz",
      "integrity": "sha512-id7oSerFnNuXXYuw+V17c1TRFWmve6Csw3fGekvOdZbc8d0GgvNm1RAeP0kS0VFgN1y4egQ8H0MiJlydDeqTqA==",
      "dependencies": {
        "@aws/durable-execution-sdk-js": "1.0.2",
        "aws4fetch": "1.0.18",
        "jose": "5.2.3",
        "openid-client": "5.6.4"
      },
      "optionalDependencies": {
        "sst-linux-x64": "4.13.1",
        "sst-linux-x86": "4.13.1",
        "sst-darwin-x64": "4.13.1",
        "sst-linux-arm64": "4.13.1",
        "sst-darwin-arm64": "4.13.1",
        "sst-win32-x64": "4.13.1",
        "sst-win32-x86": "4.13.1",
        "sst-win32-arm64": "4.13.1"
      }
    },
    "node_modules/turbo": {
      "version": "2.8.13",
      "resolved": "https://registry.npmjs.org/turbo/-/turbo-2.8.13.tgz",
      "integrity": "sha512-nurG2Y5LKYv8DfttppUNHXrfq77CkK0UdaZOArIzPEOs/7jCU7N1PTH+lLgsthgU5vIFgUbFa2g4xC7PY4X5jQ==",
      "optionalDependencies": {
        "turbo-darwin-64": "2.8.13",
        "turbo-darwin-arm64": "2.8.13",
        "turbo-linux-64": "2.8.13",
        "turbo-linux-arm64": "2.8.13",
        "turbo-windows-64": "2.8.13",
        "turbo-windows-arm64": "2.8.13"
      },
      "dev": true
    },
    "node_modules/typescript": {
      "version": "5.8.2",
      "resolved": "https://registry.npmjs.org/typescript/-/typescript-5.8.2.tgz",
      "integrity": "sha512-380XD0qLC3NY6nsSqYXzUnawtwMPHRYOsnsB9Izr1Ml6tbOZtpr+XircvwaL9IH8iiKBl1/XMRw0oqY18LnMEg==",
      "engines": {
        "node": ">=14.17"
      }
    },
    "node_modules/@opencode-ai/app": {
      "version": "1.15.13",
      "resolved": "https://registry.npmjs.org/opencode-ai%2fapp/-/app-1.15.13.tgz",
      "integrity": "sha512-gn7Qd27GF9nsVrh2F8DhpwFUS+D9wS1NGW5LUqvCLMwDCyGCKEoQslF28NFyRpZv5a12d3LM2mWj9CXacqVP1A==",
      "dependencies": {
        "@shikijs/transformers": "3.9.2",
        "@solid-primitives/active-element": "2.1.3",
        "@solid-primitives/audio": "1.4.2",
        "@solid-primitives/event-bus": "1.1.2",
        "@solid-primitives/event-listener": "2.4.5",
        "@solid-primitives/i18n": "2.2.1",
        "@solid-primitives/media": "2.3.3",
        "@solid-primitives/resize-observer": "2.1.5",
        "@solid-primitives/scheduled": "1.5.3",
        "@solid-primitives/scroll": "2.1.3",
        "@solid-primitives/timer": "1.4.4",
        "@solid-primitives/websocket": "1.3.1",
        "@tanstack/solid-query": "5.91.4",
        "@thisbeyond/solid-dnd": "0.7.5",
        "ghostty-web": "github:anomalyco/ghostty-web#main"
      }
    },
    "node_modules/@opencode-ai/slack": {
      "version": "1.15.13",
      "resolved": "https://registry.npmjs.org/opencode-ai%2fslack/-/slack-1.15.13.tgz",
      "integrity": "sha512-R188mVqvRafHfcxWBf3RLNPTSPD5Ze9Jivj1xtKs4XtQm7gAiuf2aGDKLCB0aiVF4QzjxqQXCE9HVJRuUZkxUg==",
      "dependencies": {
        "@slack/bolt": "^3.17.1"
      }
    },
    "node_modules/@opencode-ai/ui": {
      "version": "1.15.13",
      "resolved": "https://registry.npmjs.org/opencode-ai%2fui/-/ui-1.15.13.tgz",
      "integrity": "sha512-2cALbLIbvm9AIlpb3Umvi67qcuncMLBklqs70JhacjSN/zvXgg6n4cxvUoQoY/IOMYQhIneSEQd05hgPy2zszQ==",
      "dependencies": {
        "@shikijs/transformers": "3.9.2",
        "@solid-primitives/bounds": "0.1.3",
        "@solid-primitives/event-listener": "2.4.5",
        "@solid-primitives/media": "2.3.3",
        "@solid-primitives/resize-observer": "2.1.3",
        "dompurify": "3.3.1",
        "katex": "0.16.27",
        "marked-katex-extension": "5.1.6",
        "morphdom": "2.7.8",
        "motion": "12.34.5",
        "motion-dom": "12.34.3",
        "motion-utils": "12.29.2",
        "strip-ansi": "7.1.2"
      }
    },
    "node_modules/@opencode-ai/web": {
      "version": "1.15.13",
      "resolved": "https://registry.npmjs.org/opencode-ai%2fweb/-/web-1.15.13.tgz",
      "integrity": "sha512-Ec5oPdo1X2PU/2BA2Hl+AuD8PXcg6PkvulM8EutR0bUhmlYg1+d9WmihMtmtV+rV23je+h8E7H/FtFHK8n9p1A==",
      "dependencies": {
        "@astrojs/cloudflare": "12.6.3",
        "@astrojs/markdown-remark": "6.3.1",
        "@astrojs/solid-js": "5.1.0",
        "@astrojs/starlight": "0.34.3",
        "@fontsource/ibm-plex-mono": "5.2.5",
        "@shikijs/transformers": "3.20.0",
        "@solid-primitives/resize-observer": "2.1.5",
        "astro": "5.7.13",
        "js-base64": "3.7.7",
        "lang-map": "0.4.0",
        "rehype-autolink-headings": "7.1.0",
        "toolbeam-docs-theme": "0.4.8",
        "vscode-languageserver-types": "3.17.5"
      }
    }
  },
  "dependencies": {
    "@actions/artifact": {
      "version": "5.0.1",
      "resolved": "https://registry.npmjs.org/actions%2fartifact/-/artifact-5.0.1.tgz",
      "integrity": "sha512-idfxAtq1TgWvLm7mwAjFhgKb4OvDhioYlhztd/k8JOAY+obBeFj8GBAccPPyH5y4kV+UE9lX0wtpv1WYLmtSbQ==",
      "dev": true
    },
    "@aws-sdk/client-s3": {
      "version": "3.933.0",
      "resolved": "https://registry.npmjs.org/aws-sdk%2fclient-s3/-/client-s3-3.933.0.tgz",
      "integrity": "sha512-Czg4JEiSdYWPOO0p2/IUXGpYvrcsIt4xXoRnAviWYWGOvdu7JyqThNdZHJe9CGouqyRWlPM/pfnDrXh1ADTBKg=="
    },
    "@types/mime-types": {
      "version": "3.0.1",
      "resolved": "https://registry.npmjs.org/types%2fmime-types/-/mime-types-3.0.1.tgz",
      "integrity": "sha512-Hs0RK1uigeJrPMicU+JhzI1XjcS6x9PtKQChFMWnCUx3pGesDXsBxgrOEO47WM2Agv5k3AYE2CX2GEcyeqqX8g==",
      "dev": true
    },
    "glob": {
      "version": "13.0.5",
      "resolved": "https://registry.npmjs.org/glob/-/glob-13.0.5.tgz",
      "integrity": "sha512-n+okiGXZv9r9EBQuoDlfzKyWe0oJNjhaKwAAMhUbcTi3UkWQ1cdLiX827g7iKZDvhuPH84+q4UIJZcwburNp/A==",
      "dev": true
    },
    "heap-snapshot-toolkit": {
      "version": "1.1.3",
      "resolved": "https://registry.npmjs.org/heap-snapshot-toolkit/-/heap-snapshot-toolkit-1.1.3.tgz",
      "integrity": "sha512-jVAg/uC8lnFWLvFp8nvMEQb2BdEWJrl5uJ/kPx8bTkOSSsgfSe3c/GEU8p+2C3RjqMvsG93Qse/ejs9RQGfcrA=="
    },
    "husky": {
      "version": "9.1.7",
      "resolved": "https://registry.npmjs.org/husky/-/husky-9.1.7.tgz",
      "integrity": "sha512-DoK9tSZC8ijbKNaFfl1wGOzmGUASm9MBOD/OQU9I57mlZIIySPpdREGYcbJNP3E+CQg1GAQpxrGSvF0KLxPoMg==",
      "dev": true
    },
    "oxlint": {
      "version": "1.60.0",
      "resolved": "https://registry.npmjs.org/oxlint/-/oxlint-1.60.0.tgz",
      "integrity": "sha512-ZkeW5qACvRcH7OlHBQXXh9T0XO/tKSiP8uwIXlj2ZnVfJVYuVfHLraA4MiScTosjpEds5mxb7jBPHrJRUFz+AQ==",
      "dev": true
    },
    "oxlint-tsgolint": {
      "version": "0.21.0",
      "resolved": "https://registry.npmjs.org/oxlint-tsgolint/-/oxlint-tsgolint-0.21.0.tgz",
      "integrity": "sha512-r9kgO/jMT+C0crYpr5wexjG694ssRR0upTRsZhwM6zsg4eTEF5MBssqGSNe8nEDjD98116LgvB+J3NSOE9YvAQ==",
      "dev": true
    },
    "prettier": {
      "version": "3.6.2",
      "resolved": "https://registry.npmjs.org/prettier/-/prettier-3.6.2.tgz",
      "integrity": "sha512-g+cdowrnyrLvqvUg2nDkNio3pKbUeS4RGj5y78B/r2EQU+1+JaN/0pXliCivY75//m9i4WqiO6f0lodac+BlGA==",
      "dev": true
    },
    "semver": {
      "version": "7.8.1",
      "resolved": "https://registry.npmjs.org/semver/-/semver-7.8.1.tgz",
      "integrity": "sha512-w0zlMJu/JKQIqV+BUViugRznRUo9frLMAn074iUAIyvTeB9kFkh6/DNSVn6w05mTwHvis5wwMdxNDNRCOqTWqg==",
      "dev": true
    },
    "turbo": {
      "version": "2.8.13",
      "resolved": "https://registry.npmjs.org/turbo/-/turbo-2.8.13.tgz",
      "integrity": "sha512-nurG2Y5LKYv8DfttppUNHXrfq77CkK0UdaZOArIzPEOs/7jCU7N1PTH+lLgsthgU5vIFgUbFa2g4xC7PY4X5jQ==",
      "dev": true
    }
  }
}
